
Microsoft Visual Studio Solution File, Format Version 12.00
# Visual Studio Version 17
VisualStudioVersion = 17.5.2.0
MinimumVisualStudioVersion = 10.0.40219.1
Project("{2150E333-8FDC-42A3-9474-1A3956D46DE8}") = "FitmentOps", "FitmentOps", "{87B0F13D-52CA-A7CA-DC5C-7FFB2AAB849F}"
EndProject
Project("{2150E333-8FDC-42A3-9474-1A3956D46DE8}") = "Backend", "Backend", "{9EB33688-52B2-2F85-EAFD-ED8FF07418D2}"
EndProject
Project("{FAE04EC0-301F-11D3-BF4B-00C04F79EFBC}") = "AutoPartsStore.API", "AutoPartsStore\Backend\AutoPartsStore.API\AutoPartsStore.API.csproj", "{F9BEABC9-3110-19E4-D918-BC5B3F79DC7A}"
EndProject
Project("{FAE04EC0-301F-11D3-BF4B-00C04F79EFBC}") = "AutoPartsStore.API.Tests", "AutoPartsStore\Backend\AutoPartsStore.API.Tests\AutoPartsStore.API.Tests.csproj", "{6A0FB3E2-9EC4-4D4D-A0E9-A45AEE7904FD}"
EndProject
Project("{FAE04EC0-301F-11D3-BF4B-00C04F79EFBC}") = "AutoPartsStore.API.IntegrationTests", "AutoPartsStore\Backend\AutoPartsStore.API.IntegrationTests\AutoPartsStore.API.IntegrationTests.csproj", "{F7DCDBCC-865B-4AEF-B40E-7FA3DDDF8DA1}"
EndProject
Global
	GlobalSection(SolutionConfigurationPlatforms) = preSolution
		Debug|Any CPU = Debug|Any CPU
		Debug|x64 = Debug|x64
		Debug|x86 = Debug|x86
		Release|Any CPU = Release|Any CPU
		Release|x64 = Release|x64
		Release|x86 = Release|x86
	EndGlobalSection
	GlobalSection(ProjectConfigurationPlatforms) = postSolution
		{F9BEABC9-3110-19E4-D918-BC5B3F79DC7A}.Debug|Any CPU.ActiveCfg = Debug|Any CPU
		{F9BEABC9-3110-19E4-D918-BC5B3F79DC7A}.Debug|Any CPU.Build.0 = Debug|Any CPU
		{F9BEABC9-3110-19E4-D918-BC5B3F79DC7A}.Debug|x64.ActiveCfg = Debug|Any CPU
		{F9BEABC9-3110-19E4-D918-BC5B3F79DC7A}.Debug|x64.Build.0 = Debug|Any CPU
		{F9BEABC9-3110-19E4-D918-BC5B3F79DC7A}.Debug|x86.ActiveCfg = Debug|Any CPU
		{F9BEABC9-3110-19E4-D918-BC5B3F79DC7A}.Debug|x86.Build.0 = Debug|Any CPU
		{F9BEABC9-3110-19E4-D918-BC5B3F79DC7A}.Release|Any CPU.ActiveCfg = Release|Any CPU
		{F9BEABC9-3110-19E4-D918-BC5B3F79DC7A}.Release|Any CPU.Build.0 = Release|Any CPU
		{F9BEABC9-3110-19E4-D918-BC5B3F79DC7A}.Release|x64.ActiveCfg = Release|Any CPU
		{F9BEABC9-3110-19E4-D918-BC5B3F79DC7A}.Release|x64.Build.0 = Release|Any CPU
		{F9BEABC9-3110-19E4-D918-BC5B3F79DC7A}.Release|x86.ActiveCfg = Release|Any CPU
		{F9BEABC9-3110-19E4-D918-BC5B3F79DC7A}.Release|x86.Build.0 = Release|Any CPU
		{6A0FB3E2-9EC4-4D4D-A0E9-A45AEE7904FD}.Debug|Any CPU.ActiveCfg = Debug|Any CPU
		{6A0FB3E2-9EC4-4D4D-A0E9-A45AEE7904FD}.Debug|Any CPU.Build.0 = Debug|Any CPU
		{6A0FB3E2-9EC4-4D4D-A0E9-A45AEE7904FD}.Debug|x64.ActiveCfg = Debug|Any CPU
		{6A0FB3E2-9EC4-4D4D-A0E9-A45AEE7904FD}.Debug|x64.Build.0 = Debug|Any CPU
		{6A0FB3E2-9EC4-4D4D-A0E9-A45AEE7904FD}.Debug|x86.ActiveCfg = Debug|Any CPU
		{6A0FB3E2-9EC4-4D4D-A0E9-A45AEE7904FD}.Debug|x86.Build.0 = Debug|Any CPU
		{6A0FB3E2-9EC4-4D4D-A0E9-A45AEE7904FD}.Release|Any CPU.ActiveCfg = Release|Any CPU
		{6A0FB3E2-9EC4-4D4D-A0E9-A45AEE7904FD}.Release|Any CPU.Build.0 = Release|Any CPU
		{6A0FB3E2-9EC4-4D4D-A0E9-A45AEE7904FD}.Release|x64.ActiveCfg = Release|Any CPU
		{6A0FB3E2-9EC4-4D4D-A0E9-A45AEE7904FD}.Release|x64.Build.0 = Release|Any CPU
		{6A0FB3E2-9EC4-4D4D-A0E9-A45AEE7904FD}.Release|x86.ActiveCfg = Release|Any CPU
		{6A0FB3E2-9EC4-4D4D-A0E9-A45AEE7904FD}.Release|x86.Build.0 = Release|Any CPU
		{F7DCDBCC-865B-4AEF-B40E-7FA3DDDF8DA1}.Debug|Any CPU.ActiveCfg = Debug|Any CPU
		{F7DCDBCC-865B-4AEF-B40E-7FA3DDDF8DA1}.Debug|Any CPU.Build.0 = Debug|Any CPU
		{F7DCDBCC-865B-4AEF-B40E-7FA3DDDF8DA1}.Debug|x64.ActiveCfg = Debug|Any CPU
		{F7DCDBCC-865B-4AEF-B40E-7FA3DDDF8DA1}.Debug|x64.Build.0 = Debug|Any CPU
		{F7DCDBCC-865B-4AEF-B40E-7FA3DDDF8DA1}.Debug|x86.ActiveCfg = Debug|Any CPU
		{F7DCDBCC-865B-4AEF-B40E-7FA3DDDF8DA1}.Debug|x86.Build.0 = Debug|Any CPU
		{F7DCDBCC-865B-4AEF-B40E-7FA3DDDF8DA1}.Release|Any CPU.ActiveCfg = Release|Any CPU
		{F7DCDBCC-865B-4AEF-B40E-7FA3DDDF8DA1}.Release|Any CPU.Build.0 = Release|Any CPU
		{F7DCDBCC-865B-4AEF-B40E-7FA3DDDF8DA1}.Release|x64.ActiveCfg = Release|Any CPU
		{F7DCDBCC-865B-4AEF-B40E-7FA3DDDF8DA1}.Release|x64.Build.0 = Release|Any CPU
		{F7DCDBCC-865B-4AEF-B40E-7FA3DDDF8DA1}.Release|x86.ActiveCfg = Release|Any CPU
		{F7DCDBCC-865B-4AEF-B40E-7FA3DDDF8DA1}.Release|x86.Build.0 = Release|Any CPU
	EndGlobalSection
	GlobalSection(SolutionProperties) = preSolution
		HideSolutionNode = FALSE
	EndGlobalSection
	GlobalSection(NestedProjects) = preSolution
		{9EB33688-52B2-2F85-EAFD-ED8FF07418D2} = {87B0F13D-52CA-A7CA-DC5C-7FFB2AAB849F}
		{F9BEABC9-3110-19E4-D918-BC5B3F79DC7A} = {9EB33688-52B2-2F85-EAFD-ED8FF07418D2}
		{6A0FB3E2-9EC4-4D4D-A0E9-A45AEE7904FD} = {9EB33688-52B2-2F85-EAFD-ED8FF07418D2}
		{F7DCDBCC-865B-4AEF-B40E-7FA3DDDF8DA1} = {9EB33688-52B2-2F85-EAFD-ED8FF07418D2}
	EndGlobalSection
	GlobalSection(ExtensibilityGlobals) = postSolution
		SolutionGuid = {B678E06D-18BA-4C18-8F36-E46795761154}
	EndGlobalSection
EndGlobal
